
Microsoft Visual Studio Solution File, Format Version 12.00
# Visual Studio Version 17
VisualStudioVersion = 17.3.32825.248
MinimumVisualStudioVersion = 10.0.40219.1
Project("{8BC9CEB8-8B4A-11D0-8D11-00A0C91BC942}") = "01_LinkedList", "01_LinkedList.vcxproj", "{ABFCF629-CEBC-4470-AD14-DBA064CA4867}"
EndProject
Project("{8BC9CEB8-8B4A-11D0-8D11-00A0C91BC942}") = "04_DoublyLinkedList", "..\04_DoublyLinkedList\04_DoublyLinkedList.vcxproj", "{4E0F82B8-8292-4DD0-981A-4B00BDDDEB42}"
EndProject
Project("{8BC9CEB8-8B4A-11D0-8D11-00A0C91BC942}") = "03_CircleLinkedList", "..\03_CircleLinkedList\03_CircleLinkedList.vcxproj", "{BEB43C68-5FFA-4989-B31B-9379590D3178}"
EndProject
Project("{8BC9CEB8-8B4A-11D0-8D11-00A0C91BC942}") = "06_Template", "..\06_Template\06_Template.vcxproj", "{ECBAB08A-EA5C-47E9-8961-5A09601D8931}"
EndProject
Project("{8BC9CEB8-8B4A-11D0-8D11-00A0C91BC942}") = "07_STLStack", "..\07_STLStack\07_STLStack.vcxproj", "{CFF3139C-9CBE-453B-93C2-F2FDF97089FD}"
EndProject
Project("{8BC9CEB8-8B4A-11D0-8D11-00A0C91BC942}") = "09_Queue", "..\09_Queue\09_Queue.vcxproj", "{6C3B2A8A-089C-4C1D-9C01-FF9A0AC5DC42}"
EndProject
Project("{8BC9CEB8-8B4A-11D0-8D11-00A0C91BC942}") = "12_Tree", "..\12_Tree\12_Tree.vcxproj", "{20C0B12B-68D0-41E5-A854-F78F538D6494}"
EndProject
Project("{8BC9CEB8-8B4A-11D0-8D11-00A0C91BC942}") = "14_BinaryTree", "..\14_BinaryTree\14_BinaryTree.vcxproj", "{398127FE-1AE3-4B66-976B-EB03242B07A1}"
EndProject
Global
	GlobalSection(SolutionConfigurationPlatforms) = preSolution
		Debug|x64 = Debug|x64
		Debug|x86 = Debug|x86
		Release|x64 = Release|x64
		Release|x86 = Release|x86
	EndGlobalSection
	GlobalSection(ProjectConfigurationPlatforms) = postSolution
		{ABFCF629-CEBC-4470-AD14-DBA064CA4867}.Debug|x64.ActiveCfg = Debug|x64
		{ABFCF629-CEBC-4470-AD14-DBA064CA4867}.Debug|x64.Build.0 = Debug|x64
		{ABFCF629-CEBC-4470-AD14-DBA064CA4867}.Debug|x86.ActiveCfg = Debug|Win32
		{ABFCF629-CEBC-4470-AD14-DBA064CA4867}.Debug|x86.Build.0 = Debug|Win32
		{ABFCF629-CEBC-4470-AD14-DBA064CA4867}.Release|x64.ActiveCfg = Release|x64
		{ABFCF629-CEBC-4470-AD14-DBA064CA4867}.Release|x64.Build.0 = Release|x64
		{ABFCF629-CEBC-4470-AD14-DBA064CA4867}.Release|x86.ActiveCfg = Release|Win32
		{ABFCF629-CEBC-4470-AD14-DBA064CA4867}.Release|x86.Build.0 = Release|Win32
		{4E0F82B8-8292-4DD0-981A-4B00BDDDEB42}.Debug|x64.ActiveCfg = Debug|x64
		{4E0F82B8-8292-4DD0-981A-4B00BDDDEB42}.Debug|x64.Build.0 = Debug|x64
		{4E0F82B8-8292-4DD0-981A-4B00BDDDEB42}.Debug|x86.ActiveCfg = Debug|Win32
		{4E0F82B8-8292-4DD0-981A-4B00BDDDEB42}.Debug|x86.Build.0 = Debug|Win32
		{4E0F82B8-8292-4DD0-981A-4B00BDDDEB42}.Release|x64.ActiveCfg = Release|x64
		{4E0F82B8-8292-4DD0-981A-4B00BDDDEB42}.Release|x64.Build.0 = Release|x64
		{4E0F82B8-8292-4DD0-981A-4B00BDDDEB42}.Release|x86.ActiveCfg = Release|Win32
		{4E0F82B8-8292-4DD0-981A-4B00BDDDEB42}.Release|x86.Build.0 = Release|Win32
		{BEB43C68-5FFA-4989-B31B-9379590D3178}.Debug|x64.ActiveCfg = Debug|x64
		{BEB43C68-5FFA-4989-B31B-9379590D3178}.Debug|x64.Build.0 = Debug|x64
		{BEB43C68-5FFA-4989-B31B-9379590D3178}.Debug|x86.ActiveCfg = Debug|Win32
		{BEB43C68-5FFA-4989-B31B-9379590D3178}.Debug|x86.Build.0 = Debug|Win32
		{BEB43C68-5FFA-4989-B31B-9379590D3178}.Release|x64.ActiveCfg = Release|x64
		{BEB43C68-5FFA-4989-B31B-9379590D3178}.Release|x64.Build.0 = Release|x64
		{BEB43C68-5FFA-4989-B31B-9379590D3178}.Release|x86.ActiveCfg = Release|Win32
		{BEB43C68-5FFA-4989-B31B-9379590D3178}.Release|x86.Build.0 = Release|Win32
		{ECBAB08A-EA5C-47E9-8961-5A09601D8931}.Debug|x64.ActiveCfg = Debug|x64
		{ECBAB08A-EA5C-47E9-8961-5A09601D8931}.Debug|x64.Build.0 = Debug|x64
		{ECBAB08A-EA5C-47E9-8961-5A09601D8931}.Debug|x86.ActiveCfg = Debug|Win32
		{ECBAB08A-EA5C-47E9-8961-5A09601D8931}.Debug|x86.Build.0 = Debug|Win32
		{ECBAB08A-EA5C-47E9-8961-5A09601D8931}.Release|x64.ActiveCfg = Release|x64
		{ECBAB08A-EA5C-47E9-8961-5A09601D8931}.Release|x64.Build.0 = Release|x64
		{ECBAB08A-EA5C-47E9-8961-5A09601D8931}.Release|x86.ActiveCfg = Release|Win32
		{ECBAB08A-EA5C-47E9-8961-5A09601D8931}.Release|x86.Build.0 = Release|Win32
		{CFF3139C-9CBE-453B-93C2-F2FDF97089FD}.Debug|x64.ActiveCfg = Debug|x64
		{CFF3139C-9CBE-453B-93C2-F2FDF97089FD}.Debug|x64.Build.0 = Debug|x64
		{CFF3139C-9CBE-453B-93C2-F2FDF97089FD}.Debug|x86.ActiveCfg = Debug|Win32
		{CFF3139C-9CBE-453B-93C2-F2FDF97089FD}.Debug|x86.Build.0 = Debug|Win32
		{CFF3139C-9CBE-453B-93C2-F2FDF97089FD}.Release|x64.ActiveCfg = Release|x64
		{CFF3139C-9CBE-453B-93C2-F2FDF97089FD}.Release|x64.Build.0 = Release|x64
		{CFF3139C-9CBE-453B-93C2-F2FDF97089FD}.Release|x86.ActiveCfg = Release|Win32
		{CFF3139C-9CBE-453B-93C2-F2FDF97089FD}.Release|x86.Build.0 = Release|Win32
		{6C3B2A8A-089C-4C1D-9C01-FF9A0AC5DC42}.Debug|x64.ActiveCfg = Debug|x64
		{6C3B2A8A-089C-4C1D-9C01-FF9A0AC5DC42}.Debug|x64.Build.0 = Debug|x64
		{6C3B2A8A-089C-4C1D-9C01-FF9A0AC5DC42}.Debug|x86.ActiveCfg = Debug|Win32
		{6C3B2A8A-089C-4C1D-9C01-FF9A0AC5DC42}.Debug|x86.Build.0 = Debug|Win32
		{6C3B2A8A-089C-4C1D-9C01-FF9A0AC5DC42}.Release|x64.ActiveCfg = Release|x64
		{6C3B2A8A-089C-4C1D-9C01-FF9A0AC5DC42}.Release|x64.Build.0 = Release|x64
		{6C3B2A8A-089C-4C1D-9C01-FF9A0AC5DC42}.Release|x86.ActiveCfg = Release|Win32
		{6C3B2A8A-089C-4C1D-9C01-FF9A0AC5DC42}.Release|x86.Build.0 = Release|Win32
		{20C0B12B-68D0-41E5-A854-F78F538D6494}.Debug|x64.ActiveCfg = Debug|x64
		{20C0B12B-68D0-41E5-A854-F78F538D6494}.Debug|x64.Build.0 = Debug|x64
		{20C0B12B-68D0-41E5-A854-F78F538D6494}.Debug|x86.ActiveCfg = Debug|Win32
		{20C0B12B-68D0-41E5-A854-F78F538D6494}.Debug|x86.Build.0 = Debug|Win32
		{20C0B12B-68D0-41E5-A854-F78F538D6494}.Release|x64.ActiveCfg = Release|x64
		{20C0B12B-68D0-41E5-A854-F78F538D6494}.Release|x64.Build.0 = Release|x64
		{20C0B12B-68D0-41E5-A854-F78F538D6494}.Release|x86.ActiveCfg = Release|Win32
		{20C0B12B-68D0-41E5-A854-F78F538D6494}.Release|x86.Build.0 = Release|Win32
		{398127FE-1AE3-4B66-976B-EB03242B07A1}.Debug|x64.ActiveCfg = Debug|x64
		{398127FE-1AE3-4B66-976B-EB03242B07A1}.Debug|x64.Build.0 = Debug|x64
		{398127FE-1AE3-4B66-976B-EB03242B07A1}.Debug|x86.ActiveCfg = Debug|Win32
		{398127FE-1AE3-4B66-976B-EB03242B07A1}.Debug|x86.Build.0 = Debug|Win32
		{398127FE-1AE3-4B66-976B-EB03242B07A1}.Release|x64.ActiveCfg = Release|x64
		{398127FE-1AE3-4B66-976B-EB03242B07A1}.Release|x64.Build.0 = Release|x64
		{398127FE-1AE3-4B66-976B-EB03242B07A1}.Release|x86.ActiveCfg = Release|Win32
		{398127FE-1AE3-4B66-976B-EB03242B07A1}.Release|x86.Build.0 = Release|Win32
	EndGlobalSection
	GlobalSection(SolutionProperties) = preSolution
		HideSolutionNode = FALSE
	EndGlobalSection
	GlobalSection(ExtensibilityGlobals) = postSolution
		SolutionGuid = {C3E85E1A-918D-45E7-91D0-59D9D47F1AC5}
	EndGlobalSection
EndGlobal
